
Microsoft Visual Studio Solution File, Format Version 12.00
# Visual Studio 2013
VisualStudioVersion = 12.0.30110.0
MinimumVisualStudioVersion = 10.0.40219.1
Project("{FAE04EC0-301F-11D3-BF4B-00C04F79EFBC}") = "Union", "Union.csproj", "{EA0C4EA0-0B41-4C6B-A5C7-095428D407D8}"
EndProject
Project("{FAE04EC0-301F-11D3-BF4B-00C04F79EFBC}") = "Union.Tests", "..\Union.Tests\Union.Tests.csproj", "{64FAD22C-0114-4C9B-A5AD-AFAC9327B8FD}"
EndProject
Global
	GlobalSection(SolutionConfigurationPlatforms) = preSolution
		Debug|Any CPU = Debug|Any CPU
		Release|Any CPU = Release|Any CPU
	EndGlobalSection
	GlobalSection(ProjectConfigurationPlatforms) = postSolution
		{EA0C4EA0-0B41-4C6B-A5C7-095428D407D8}.Debug|Any CPU.ActiveCfg = Debug|Any CPU
		{EA0C4EA0-0B41-4C6B-A5C7-095428D407D8}.Debug|Any CPU.Build.0 = Debug|Any CPU
		{EA0C4EA0-0B41-4C6B-A5C7-095428D407D8}.Release|Any CPU.ActiveCfg = Release|Any CPU
		{EA0C4EA0-0B41-4C6B-A5C7-095428D407D8}.Release|Any CPU.Build.0 = Release|Any CPU
		{64FAD22C-0114-4C9B-A5AD-AFAC9327B8FD}.Debug|Any CPU.ActiveCfg = Debug|Any CPU
		{64FAD22C-0114-4C9B-A5AD-AFAC9327B8FD}.Debug|Any CPU.Build.0 = Debug|Any CPU
		{64FAD22C-0114-4C9B-A5AD-AFAC9327B8FD}.Release|Any CPU.ActiveCfg = Release|Any CPU
		{64FAD22C-0114-4C9B-A5AD-AFAC9327B8FD}.Release|Any CPU.Build.0 = Release|Any CPU
	EndGlobalSection
	GlobalSection(SolutionProperties) = preSolution
		HideSolutionNode = FALSE
	EndGlobalSection
EndGlobal
